
Microsoft Visual Studio Solution File, Format Version 12.00
# Visual Studio 15
VisualStudioVersion = 15.0.27703.2047
MinimumVisualStudioVersion = 10.0.40219.1
Project("{FAE04EC0-301F-11D3-BF4B-00C04F79EFBC}") = "FluentValidationInAnAspNetCore.Api", "FluentValidationInAnAspNetCore.Api\FluentValidationInAnAspNetCore.Api.csproj", "{C55EB759-F631-45A4-B01E-20B5E4E11B05}"
EndProject
Project("{FAE04EC0-301F-11D3-BF4B-00C04F79EFBC}") = "FluentValidationInAnAspNetCore.Domain", "FluentValidationInAnAspNetCore.Domain\FluentValidationInAnAspNetCore.Domain.csproj", "{AE6065C5-7B35-4D15-B35B-649203A45B83}"
EndProject
Project("{FAE04EC0-301F-11D3-BF4B-00C04F79EFBC}") = "FluentValidationInAnAspNetCore.Data", "FluentValidationInAnAspNetCore.Data\FluentValidationInAnAspNetCore.Data.csproj", "{86D99013-C24B-4A5D-AA37-FD930F5F14EB}"
EndProject
Global
	GlobalSection(SolutionConfigurationPlatforms) = preSolution
		Debug|Any CPU = Debug|Any CPU
		Release|Any CPU = Release|Any CPU
	EndGlobalSection
	GlobalSection(ProjectConfigurationPlatforms) = postSolution
		{C55EB759-F631-45A4-B01E-20B5E4E11B05}.Debug|Any CPU.ActiveCfg = Debug|Any CPU
		{C55EB759-F631-45A4-B01E-20B5E4E11B05}.Debug|Any CPU.Build.0 = Debug|Any CPU
		{C55EB759-F631-45A4-B01E-20B5E4E11B05}.Release|Any CPU.ActiveCfg = Release|Any CPU
		{C55EB759-F631-45A4-B01E-20B5E4E11B05}.Release|Any CPU.Build.0 = Release|Any CPU
		{AE6065C5-7B35-4D15-B35B-649203A45B83}.Debug|Any CPU.ActiveCfg = Debug|Any CPU
		{AE6065C5-7B35-4D15-B35B-649203A45B83}.Debug|Any CPU.Build.0 = Debug|Any CPU
		{AE6065C5-7B35-4D15-B35B-649203A45B83}.Release|Any CPU.ActiveCfg = Release|Any CPU
		{AE6065C5-7B35-4D15-B35B-649203A45B83}.Release|Any CPU.Build.0 = Release|Any CPU
		{86D99013-C24B-4A5D-AA37-FD930F5F14EB}.Debug|Any CPU.ActiveCfg = Debug|Any CPU
		{86D99013-C24B-4A5D-AA37-FD930F5F14EB}.Debug|Any CPU.Build.0 = Debug|Any CPU
		{86D99013-C24B-4A5D-AA37-FD930F5F14EB}.Release|Any CPU.ActiveCfg = Release|Any CPU
		{86D99013-C24B-4A5D-AA37-FD930F5F14EB}.Release|Any CPU.Build.0 = Release|Any CPU
	EndGlobalSection
	GlobalSection(SolutionProperties) = preSolution
		HideSolutionNode = FALSE
	EndGlobalSection
	GlobalSection(ExtensibilityGlobals) = postSolution
		SolutionGuid = {9FDEB3D0-13C8-4F49-B03C-CE9099B8C819}
	EndGlobalSection
EndGlobal
